github.com/fnproject/fdk-go v0.0.63 h1:eQgaT9M4KsloYWnfjCfRHYJmCtHwq89jzNtobXqxRrQ=
github.com/fnproject/fdk-go v0.0.63/go.mod h1:txRgA8HlRMZJE1f/xCIXthIbui6/GMFdb1q6bN5/HHE=
github.com/gregdel/pushover v1.4.0 h1:P77WAJ2zPG+b0mEsmMjWGrPMuvhkh9k3v7OviwsoveE=
github.com/gregdel/pushover v1.4.0/go.mod h1:EcaO66Nn1StkpEm1iKtBTV3d2A16SoMsVER1PthX7to=
